// !$*UTF8*$!
{
	archiveVersion = 1;
	classes = {
	};
	objectVersion = 46;
	objects = {

/* Begin PBXBuildFile section */
		846FCAD81FA011980020782A /* DataSourceTool.m in Sources */ = {isa = PBXBuildFile; fileRef = 846FCAD71FA011980020782A /* DataSourceTool.m */; };
		8478549C1F9F1AD2005F55EF /* main.m in Sources */ = {isa = PBXBuildFile; fileRef = 8478549B1F9F1AD2005F55EF /* main.m */; };
		8478549F1F9F1AD2005F55EF /* AppDelegate.m in Sources */ = {isa = PBXBuildFile; fileRef = 8478549E1F9F1AD2005F55EF /* AppDelegate.m */; };
		847854A21F9F1AD2005F55EF /* ViewController.m in Sources */ = {isa = PBXBuildFile; fileRef = 847854A11F9F1AD2005F55EF /* ViewController.m */; };
		847854A51F9F1AD2005F55EF /* Main.storyboard in Resources */ = {isa = PBXBuildFile; fileRef = 847854A31F9F1AD2005F55EF /* Main.storyboard */; };
		847854A71F9F1AD2005F55EF /* Assets.xcassets in Resources */ = {isa = PBXBuildFile; fileRef = 847854A61F9F1AD2005F55EF /* Assets.xcassets */; };
		847854AA1F9F1AD2005F55EF /* LaunchScreen.storyboard in Resources */ = {isa = PBXBuildFile; fileRef = 847854A81F9F1AD2005F55EF /* LaunchScreen.storyboard */; };
		847854B41F9F1B15005F55EF /* MyDataSource.m in Sources */ = {isa = PBXBuildFile; fileRef = 847854B31F9F1B15005F55EF /* MyDataSource.m */; };
		847854B71F9F20E0005F55EF /* myCell.m in Sources */ = {isa = PBXBuildFile; fileRef = 847854B61F9F20E0005F55EF /* myCell.m */; };
		847854BA1F9F2CA4005F55EF /* secondCell.m in Sources */ = {isa = PBXBuildFile; fileRef = 847854B91F9F2CA4005F55EF /* secondCell.m */; };
/* End PBXBuildFile section */

/* Begin PBXFileReference section */
		846FCAD61FA011980020782A /* DataSourceTool.h */ = {isa = PBXFileReference; fileEncoding = 4; lastKnownFileType = sourcecode.c.h; path = DataSourceTool.h; sourceTree = "<group>"; };
		846FCAD71FA011980020782A /* DataSourceTool.m */ = {isa = PBXFileReference; fileEncoding = 4; lastKnownFileType = sourcecode.c.objc; path = DataSourceTool.m; sourceTree = "<group>"; };
		847854971F9F1AD1005F55EF /* myDataSourceTest.app */ = {isa = PBXFileReference; explicitFileType = wrapper.application; includeInIndex = 0; path = myDataSourceTest.app; sourceTree = BUILT_PRODUCTS_DIR; };
		8478549B1F9F1AD2005F55EF /* main.m */ = {isa = PBXFileReference; lastKnownFileType = sourcecode.c.objc; path = main.m; sourceTree = "<group>"; };
		8478549D1F9F1AD2005F55EF /* AppDelegate.h */ = {isa = PBXFileReference; lastKnownFileType = sourcecode.c.h; path = AppDelegate.h; sourceTree = "<group>"; };
		8478549E1F9F1AD2005F55EF /* AppDelegate.m */ = {isa = PBXFileReference; lastKnownFileType = sourcecode.c.objc; path = AppDelegate.m; sourceTree = "<group>"; };
		847854A01F9F1AD2005F55EF /* ViewController.h */ = {isa = PBXFileReference; lastKnownFileType = sourcecode.c.h; path = ViewController.h; sourceTree = "<group>"; };
		847854A11F9F1AD2005F55EF /* ViewController.m */ = {isa = PBXFileReference; lastKnownFileType = sourcecode.c.objc; path = ViewController.m; sourceTree = "<group>"; };
		847854A41F9F1AD2005F55EF /* Base */ = {isa = PBXFileReference; lastKnownFileType = file.storyboard; name = Base; path = Base.lproj/Main.storyboard; sourceTree = "<group>"; };
		847854A61F9F1AD2005F55EF /* Assets.xcassets */ = {isa = PBXFileReference; lastKnownFileType = folder.assetcatalog; path = Assets.xcassets; sourceTree = "<group>"; };
		847854A91F9F1AD2005F55EF /* Base */ = {isa = PBXFileReference; lastKnownFileType = file.storyboard; name = Base; path = Base.lproj/LaunchScreen.storyboard; sourceTree = "<group>"; };
		847854AB1F9F1AD2005F55EF /* Info.plist */ = {isa = PBXFileReference; lastKnownFileType = text.plist.xml; path = Info.plist; sourceTree = "<group>"; };
		847854B21F9F1B15005F55EF /* MyDataSource.h */ = {isa = PBXFileReference; fileEncoding = 4; lastKnownFileType = sourcecode.c.h; path = MyDataSource.h; sourceTree = "<group>"; };
		847854B31F9F1B15005F55EF /* MyDataSource.m */ = {isa = PBXFileReference; fileEncoding = 4; lastKnownFileType = sourcecode.c.objc; path = MyDataSource.m; sourceTree = "<group>"; };
		847854B51F9F20E0005F55EF /* myCell.h */ = {isa = PBXFileReference; fileEncoding = 4; lastKnownFileType = sourcecode.c.h; path = myCell.h; sourceTree = "<group>"; };
		847854B61F9F20E0005F55EF /* myCell.m */ = {isa = PBXFileReference; fileEncoding = 4; lastKnownFileType = sourcecode.c.objc; path = myCell.m; sourceTree = "<group>"; };
		847854B81F9F2CA4005F55EF /* secondCell.h */ = {isa = PBXFileReference; fileEncoding = 4; lastKnownFileType = sourcecode.c.h; path = secondCell.h; sourceTree = "<group>"; };
		847854B91F9F2CA4005F55EF /* secondCell.m */ = {isa = PBXFileReference; fileEncoding = 4; lastKnownFileType = sourcecode.c.objc; path = secondCell.m; sourceTree = "<group>"; };
/* End PBXFileReference section */

/* Begin PBXFrameworksBuildPhase section */
		847854941F9F1AD1005F55EF /* Frameworks */ = {
			isa = PBXFrameworksBuildPhase;
			buildActionMask = 2147483647;
			files = (
			);
			runOnlyForDeploymentPostprocessing = 0;
		};
/* End PBXFrameworksBuildPhase section */

/* Begin PBXGroup section */
		8478548E1F9F1AD1005F55EF = {
			isa = PBXGroup;
			children = (
				847854991F9F1AD1005F55EF /* myDataSourceTest */,
				847854981F9F1AD1005F55EF /* Products */,
			);
			sourceTree = "<group>";
		};
		847854981F9F1AD1005F55EF /* Products */ = {
			isa = PBXGroup;
			children = (
				847854971F9F1AD1005F55EF /* myDataSourceTest.app */,
			);
			name = Products;
			sourceTree = "<group>";
		};
		847854991F9F1AD1005F55EF /* myDataSourceTest */ = {
			isa = PBXGroup;
			children = (
				847854B11F9F1ADF005F55EF /* myDataSource */,
				8478549D1F9F1AD2005F55EF /* AppDelegate.h */,
				8478549E1F9F1AD2005F55EF /* AppDelegate.m */,
				847854A01F9F1AD2005F55EF /* ViewController.h */,
				847854A11F9F1AD2005F55EF /* ViewController.m */,
				847854B51F9F20E0005F55EF /* myCell.h */,
				847854B61F9F20E0005F55EF /* myCell.m */,
				847854B81F9F2CA4005F55EF /* secondCell.h */,
				847854B91F9F2CA4005F55EF /* secondCell.m */,
				847854A31F9F1AD2005F55EF /* Main.storyboard */,
				847854A61F9F1AD2005F55EF /* Assets.xcassets */,
				847854A81F9F1AD2005F55EF /* LaunchScreen.storyboard */,
				847854AB1F9F1AD2005F55EF /* Info.plist */,
				8478549A1F9F1AD2005F55EF /* Supporting Files */,
			);
			path = myDataSourceTest;
			sourceTree = "<group>";
		};
		8478549A1F9F1AD2005F55EF /* Supporting Files */ = {
			isa = PBXGroup;
			children = (
				8478549B1F9F1AD2005F55EF /* main.m */,
			);
			name = "Supporting Files";
			sourceTree = "<group>";
		};
		847854B11F9F1ADF005F55EF /* myDataSource */ = {
			isa = PBXGroup;
			children = (
				847854B21F9F1B15005F55EF /* MyDataSource.h */,
				847854B31F9F1B15005F55EF /* MyDataSource.m */,
				846FCAD61FA011980020782A /* DataSourceTool.h */,
				846FCAD71FA011980020782A /* DataSourceTool.m */,
			);
			name = myDataSource;
			path = ..;
			sourceTree = "<group>";
		};
/* End PBXGroup section */

/* Begin PBXNativeTarget section */
		847854961F9F1AD1005F55EF /* myDataSourceTest */ = {
			isa = PBXNativeTarget;
			buildConfigurationList = 847854AE1F9F1AD2005F55EF /* Build configuration list for PBXNativeTarget "myDataSourceTest" */;
			buildPhases = (
				847854931F9F1AD1005F55EF /* Sources */,
				847854941F9F1AD1005F55EF /* Frameworks */,
				847854951F9F1AD1005F55EF /* Resources */,
			);
			buildRules = (
			);
			dependencies = (
			);
			name = myDataSourceTest;
			productName = myDataSourceTest;
			productReference = 847854971F9F1AD1005F55EF /* myDataSourceTest.app */;
			productType = "com.apple.product-type.application";
		};
/* End PBXNativeTarget section */

/* Begin PBXProject section */
		8478548F1F9F1AD1005F55EF /* Project object */ = {
			isa = PBXProject;
			attributes = {
				LastUpgradeCheck = 0830;
				ORGANIZATIONNAME = "Zhongshan Camry Electronic Company Limited";
				TargetAttributes = {
					847854961F9F1AD1005F55EF = {
						CreatedOnToolsVersion = 8.3.3;
						DevelopmentTeam = A26HC87485;
						ProvisioningStyle = Automatic;
					};
				};
			};
			buildConfigurationList = 847854921F9F1AD1005F55EF /* Build configuration list for PBXProject "myDataSourceTest" */;
			compatibilityVersion = "Xcode 3.2";
			developmentRegion = English;
			hasScannedForEncodings = 0;
			knownRegions = (
				en,
				Base,
			);
			mainGroup = 8478548E1F9F1AD1005F55EF;
			productRefGroup = 847854981F9F1AD1005F55EF /* Products */;
			projectDirPath = "";
			projectRoot = "";
			targets = (
				847854961F9F1AD1005F55EF /* myDataSourceTest */,
			);
		};
/* End PBXProject section */

/* Begin PBXResourcesBuildPhase section */
		847854951F9F1AD1005F55EF /* Resources */ = {
			isa = PBXResourcesBuildPhase;
			buildActionMask = 2147483647;
			files = (
				847854AA1F9F1AD2005F55EF /* LaunchScreen.storyboard in Resources */,
				847854A71F9F1AD2005F55EF /* Assets.xcassets in Resources */,
				847854A51F9F1AD2005F55EF /* Main.storyboard in Resources */,
			);
			runOnlyForDeploymentPostprocessing = 0;
		};
/* End PBXResourcesBuildPhase section */

/* Begin PBXSourcesBuildPhase section */
		847854931F9F1AD1005F55EF /* Sources */ = {
			isa = PBXSourcesBuildPhase;
			buildActionMask = 2147483647;
			files = (
				847854A21F9F1AD2005F55EF /* ViewController.m in Sources */,
				846FCAD81FA011980020782A /* DataSourceTool.m in Sources */,
				8478549F1F9F1AD2005F55EF /* AppDelegate.m in Sources */,
				847854B71F9F20E0005F55EF /* myCell.m in Sources */,
				847854B41F9F1B15005F55EF /* MyDataSource.m in Sources */,
				8478549C1F9F1AD2005F55EF /* main.m in Sources */,
				847854BA1F9F2CA4005F55EF /* secondCell.m in Sources */,
			);
			runOnlyForDeploymentPostprocessing = 0;
		};
/* End PBXSourcesBuildPhase section */

/* Begin PBXVariantGroup section */
		847854A31F9F1AD2005F55EF /* Main.storyboard */ = {
			isa = PBXVariantGroup;
			children = (
				847854A41F9F1AD2005F55EF /* Base */,
			);
			name = Main.storyboard;
			sourceTree = "<group>";
		};
		847854A81F9F1AD2005F55EF /* LaunchScreen.storyboard */ = {
			isa = PBXVariantGroup;
			children = (
				847854A91F9F1AD2005F55EF /* Base */,
			);
			name = LaunchScreen.storyboard;
			sourceTree = "<group>";
		};
/* End PBXVariantGroup section */

/* Begin XCBuildConfiguration section */
		847854AC1F9F1AD2005F55EF /* Debug */ = {
			isa = XCBuildConfiguration;
			buildSettings = {
				ALWAYS_SEARCH_USER_PATHS = NO;
				CLANG_ANALYZER_NONNULL = YES;
				CLANG_ANALYZER_NUMBER_OBJECT_CONVERSION = YES_AGGRESSIVE;
				CLANG_CXX_LANGUAGE_STANDARD = "gnu++0x";
				CLANG_CXX_LIBRARY = "libc++";
				CLANG_ENABLE_MODULES = YES;
				CLANG_ENABLE_OBJC_ARC = YES;
				CLANG_WARN_BOOL_CONVERSION = YES;
				CLANG_WARN_CONSTANT_CONVERSION = YES;
				CLANG_WARN_DIRECT_OBJC_ISA_USAGE = YES_ERROR;
				CLANG_WARN_DOCUMENTATION_COMMENTS = YES;
				CLANG_WARN_EMPTY_BODY = YES;
				CLANG_WARN_ENUM_CONVERSION = YES;
				CLANG_WARN_INFINITE_RECURSION = YES;
				CLANG_WARN_INT_CONVERSION = YES;
				CLANG_WARN_OBJC_ROOT_CLASS = YES_ERROR;
				CLANG_WARN_SUSPICIOUS_MOVE = YES;
				CLANG_WARN_UNREACHABLE_CODE = YES;
				CLANG_WARN__DUPLICATE_METHOD_MATCH = YES;
				"CODE_SIGN_IDENTITY[sdk=iphoneos*]" = "iPhone Developer";
				COPY_PHASE_STRIP = NO;
				DEBUG_INFORMATION_FORMAT = dwarf;
				ENABLE_STRICT_OBJC_MSGSEND = YES;
				ENABLE_TESTABILITY = YES;
				GCC_C_LANGUAGE_STANDARD = gnu99;
				GCC_DYNAMIC_NO_PIC = NO;
				GCC_NO_COMMON_BLOCKS = YES;
				GCC_OPTIMIZATION_LEVEL = 0;
				GCC_PREPROCESSOR_DEFINITIONS = (
					"DEBUG=1",
					"$(inherited)",
				);
				GCC_WARN_64_TO_32_BIT_CONVERSION = YES;
				GCC_WARN_ABOUT_RETURN_TYPE = YES_ERROR;
				GCC_WARN_UNDECLARED_SELECTOR = YES;
				GCC_WARN_UNINITIALIZED_AUTOS = YES_AGGRESSIVE;
				GCC_WARN_UNUSED_FUNCTION = YES;
				GCC_WARN_UNUSED_VARIABLE = YES;
				IPHONEOS_DEPLOYMENT_TARGET = 10.3;
				MTL_ENABLE_DEBUG_INFO = YES;
				ONLY_ACTIVE_ARCH = YES;
				SDKROOT = iphoneos;
				TARGETED_DEVICE_FAMILY = "1,2";
			};
			name = Debug;
		};
		847854AD1F9F1AD2005F55EF /* Release */ = {
			isa = XCBuildConfiguration;
			buildSettings = {
				ALWAYS_SEARCH_USER_PATHS = NO;
				CLANG_ANALYZER_NONNULL = YES;
				CLANG_ANALYZER_NUMBER_OBJECT_CONVERSION = YES_AGGRESSIVE;
				CLANG_CXX_LANGUAGE_STANDARD = "gnu++0x";
				CLANG_CXX_LIBRARY = "libc++";
				CLANG_ENABLE_MODULES = YES;
				CLANG_ENABLE_OBJC_ARC = YES;
				CLANG_WARN_BOOL_CONVERSION = YES;
				CLANG_WARN_CONSTANT_CONVERSION = YES;
				CLANG_WARN_DIRECT_OBJC_ISA_USAGE = YES_ERROR;
				CLANG_WARN_DOCUMENTATION_COMMENTS = YES;
				CLANG_WARN_EMPTY_BODY = YES;
				CLANG_WARN_ENUM_CONVERSION = YES;
				CLANG_WARN_INFINITE_RECURSION = YES;
				CLANG_WARN_INT_CONVERSION = YES;
				CLANG_WARN_OBJC_ROOT_CLASS = YES_ERROR;
				CLANG_WARN_SUSPICIOUS_MOVE = YES;
				CLANG_WARN_UNREACHABLE_CODE = YES;
				CLANG_WARN__DUPLICATE_METHOD_MATCH = YES;
				"CODE_SIGN_IDENTITY[sdk=iphoneos*]" = "iPhone Developer";
				COPY_PHASE_STRIP = NO;
				DEBUG_INFORMATION_FORMAT = "dwarf-with-dsym";
				ENABLE_NS_ASSERTIONS = NO;
				ENABLE_STRICT_OBJC_MSGSEND = YES;
				GCC_C_LANGUAGE_STANDARD = gnu99;
				GCC_NO_COMMON_BLOCKS = YES;
				GCC_WARN_64_TO_32_BIT_CONVERSION = YES;
				GCC_WARN_ABOUT_RETURN_TYPE = YES_ERROR;
				GCC_WARN_UNDECLARED_SELECTOR = YES;
				GCC_WARN_UNINITIALIZED_AUTOS = YES_AGGRESSIVE;
				GCC_WARN_UNUSED_FUNCTION = YES;
				GCC_WARN_UNUSED_VARIABLE = YES;
				IPHONEOS_DEPLOYMENT_TARGET = 10.3;
				MTL_ENABLE_DEBUG_INFO = NO;
				SDKROOT = iphoneos;
				TARGETED_DEVICE_FAMILY = "1,2";
				VALIDATE_PRODUCT = YES;
			};
			name = Release;
		};
		847854AF1F9F1AD2005F55EF /* Debug */ = {
			isa = XCBuildConfiguration;
			buildSettings = {
				ASSETCATALOG_COMPILER_APPICON_NAME = AppIcon;
				DEVELOPMENT_TEAM = A26HC87485;
				INFOPLIST_FILE = myDataSourceTest/Info.plist;
				LD_RUNPATH_SEARCH_PATHS = "$(inherited) @executable_path/Frameworks";
				PRODUCT_BUNDLE_IDENTIFIER = com.Senssun.myDataSourceTest;
				PRODUCT_NAME = "$(TARGET_NAME)";
			};
			name = Debug;
		};
		847854B01F9F1AD2005F55EF /* Release */ = {
			isa = XCBuildConfiguration;
			buildSettings = {
				ASSETCATALOG_COMPILER_APPICON_NAME = AppIcon;
				DEVELOPMENT_TEAM = A26HC87485;
				INFOPLIST_FILE = myDataSourceTest/Info.plist;
				LD_RUNPATH_SEARCH_PATHS = "$(inherited) @executable_path/Frameworks";
				PRODUCT_BUNDLE_IDENTIFIER = com.Senssun.myDataSourceTest;
				PRODUCT_NAME = "$(TARGET_NAME)";
			};
			name = Release;
		};
/* End XCBuildConfiguration section */

/* Begin XCConfigurationList section */
		847854921F9F1AD1005F55EF /* Build configuration list for PBXProject "myDataSourceTest" */ = {
			isa = XCConfigurationList;
			buildConfigurations = (
				847854AC1F9F1AD2005F55EF /* Debug */,
				847854AD1F9F1AD2005F55EF /* Release */,
			);
			defaultConfigurationIsVisible = 0;
			defaultConfigurationName = Release;
		};
		847854AE1F9F1AD2005F55EF /* Build configuration list for PBXNativeTarget "myDataSourceTest" */ = {
			isa = XCConfigurationList;
			buildConfigurations = (
				847854AF1F9F1AD2005F55EF /* Debug */,
				847854B01F9F1AD2005F55EF /* Release */,
			);
			defaultConfigurationIsVisible = 0;
			defaultConfigurationName = Release;
		};
/* End XCConfigurationList section */
	};
	rootObject = 8478548F1F9F1AD1005F55EF /* Project object */;
}
